lockfileVersion: '9.0'

settings:
  autoInstallPeers: true
  excludeLinksFromLockfile: false

importers:

  .:
    dependencies:
      '@stdlib/string-camelcase':
        specifier: 0.2.3
        version: 0.2.3
      '@stdlib/string-capitalize':
        specifier: 0.3.1
        version: 0.3.1
      chalk:
        specifier: 5.6.2
        version: 5.6.2
      cli-spinners:
        specifier: 3.4.0
        version: 3.4.0
      commander:
        specifier: 14.0.3
        version: 14.0.3
      dedent:
        specifier: 1.7.2
        version: 1.7.2
      json-schema-to-zod:
        specifier: 2.7.0
        version: 2.7.0
      log-update:
        specifier: 7.2.0
        version: 7.2.0
      p-queue:
        specifier: 9.1.0
        version: 9.1.0
      p-retry:
        specifier: 8.0.0
        version: 8.0.0
      to-valid-identifier:
        specifier: 1.0.0
        version: 1.0.0
      ts-morph:
        specifier: 27.0.2
        version: 27.0.2
      windmill-client:
        specifier: 1.654.0
        version: 1.654.0
      yaml:
        specifier: 2.8.3
        version: 2.8.3
      zod:
        specifier: 4.3.6
        version: 4.3.6
      zod-to-json-schema:
        specifier: 3.25.2
        version: 3.25.2(zod@4.3.6)
    devDependencies:
      '@types/node':
        specifier: 24.12.0
        version: 24.12.0
      rimraf:
        specifier: 6.1.3
        version: 6.1.3
      typescript:
        specifier: 5.9.3
        version: 5.9.3

packages:

  '@sindresorhus/base62@1.0.0':
    resolution: {integrity: sha512-TeheYy0ILzBEI/CO55CP6zJCSdSWeRtGnHy8U8dWSUH4I68iqTsy7HkMktR4xakThc9jotkPQUXT4ITdbV7cHA==}
    engines: {node: '>=18'}

  '@stdlib/assert-has-own-property@0.2.2':
    resolution: {integrity: sha512-m5rV4Z2/iNkwx2vRsNheM6sQZMzc8rQQOo90LieICXovXZy8wA5jNld4kRKjMNcRt/TjrNP7i2Rhh8hruRDlHg==}
    engines: {node: '>=0.10.0', npm: '>2.7.0'}
    os: [aix, darwin, freebsd, linux, macos, openbsd, sunos, win32, windows]

  '@stdlib/assert-has-symbol-support@0.2.3':
    resolution: {integrity: sha512-yNsJnCb7HWye5xhZ/eRIpp28HwOVFF5gUCKeT1p4haoDJOn+3YEPYaXMn4mYK6kRN96tUhovlJQv9H/9jwnLpA==}
    engines: {node: '>=0.10.0', npm: '>2.7.0'}
    os: [aix, darwin, freebsd, linux, macos, openbsd, sunos, win32, windows]

  '@stdlib/assert-has-tostringtag-support@0.2.3':
    resolution: {integrity: sha512-9sULfRKYneF/Mq6F96xqeQrf0a9wdJc1lNZf2wfs1EtRwQHQfx5+QlYl7hp3gWI/iid5M4Npme86T0413eaBfA==}
    engines: {node: '>=0.10.0', npm: '>2.7.0'}
    os: [aix, darwin, freebsd, linux, macos, openbsd, sunos, win32, windows]

  '@stdlib/assert-is-string@0.2.3':
    resolution: {integrity: sha512-KC2sHwnIo775uEPRG7miERHb3DMABf37jS6o2bmcMHyME+gl+HC/bnqgwYTfgOsM0YOvYMSgA1HJo6iPDXdFrw==}
    engines: {node: '>=0.10.0', npm: '>2.7.0'}
    os: [aix, darwin, freebsd, linux, macos, openbsd, sunos, win32, windows]

  '@stdlib/error-tools-fmtprodmsg@0.2.3':
    resolution: {integrity: sha512-mt4YRp52oCkNWhxkUIJkeGaFnSvZkyfl4rOJX8Drz99xFiIdanXcSacckhrXXu6NQvMDKidCGr6DvrhHHx15LQ==}
    engines: {node: '>=0.10.0', npm: '>2.7.0'}
    os: [aix, darwin, freebsd, linux, macos, openbsd, sunos, win32, windows]

  '@stdlib/string-base-camelcase@0.2.3':
    resolution: {integrity: sha512-+DaYvZjTFRxd5FAzNWroXAPjx8il+x3I/vrTRPqu/JXp0lQFmf9pC6K9huSO8dy9BdykUGK0EN5UCpyVPhUXlA==}
    engines: {node: '>=0.10.0', npm: '>2.7.0'}
    os: [aix, darwin, freebsd, linux, macos, openbsd, sunos, win32, windows]

  '@stdlib/string-base-capitalize@0.3.0':
    resolution: {integrity: sha512-39g3uc0Y3QZbsOcysUJi/XOFQWULjR8X2TZuFby05lVyMHGT5L7x3JWYIvXtAgennzSMfI0ydgIeg2LMkKigUA==}
    engines: {node: '>=0.10.0', npm: '>2.7.0'}
    os: [aix, darwin, freebsd, linux, macos, openbsd, sunos, win32, windows]

  '@stdlib/string-base-capitalize@0.3.1':
    resolution: {integrity: sha512-Y3cetqq4PBRwYFeBNuUsGXWwV/eE/JN9m5hP6K8DU9FHaxsBN+w3GFOfk7YAHP4kwlyT5YaXibmkTlzQnF36IA==}
    engines: {node: '>=0.10.0', npm: '>2.7.0'}
    os: [aix, darwin, freebsd, linux, macos, openbsd, sunos, win32, windows]

  '@stdlib/string-base-format-interpolate@0.2.4':
    resolution: {integrity: sha512-POG725+DPEmzEJbMFTFPdKM4vA5i+t7juNYs+H2cQz5JXiPV1+5+P3epnO+/DqHWzLhiMlsKDCZq03C3WcBkSA==}
    engines: {node: '>=0.10.0', npm: '>2.7.0'}
    os: [aix, darwin, freebsd, linux, macos, openbsd, sunos, win32, windows]

  '@stdlib/string-base-format-tokenize@0.2.4':
    resolution: {integrity: sha512-qYHSmqFv7vloLFvjBAbZCn5qtxj7M+Qru3VqBooJTxWMcUeZOEBZg18/PFgfUrZhji5MVWDXbRTAx5Bu5M5nQA==}
    engines: {node: '>=0.10.0', npm: '>2.7.0'}
    os: [aix, darwin, freebsd, linux, macos, openbsd, sunos, win32, windows]

  '@stdlib/string-base-lowercase@0.4.1':
    resolution: {integrity: sha512-3NcDy2j6HtvKrC2GRCt5mKiYaWWHLLSQRSbuu28WEzA98/2izmiHYkR0i9IeEd4Tqrxqof/FXP4gWj1f14RXTQ==}
    engines: {node: '>=0.10.0', npm: '>2.7.0'}
    os: [aix, darwin, freebsd, linux, macos, openbsd, sunos, win32, windows]

  '@stdlib/string-base-replace@0.2.3':
    resolution: {integrity: sha512-FJdh2GzIkgMlr0v/ZZKD5cWRs+SMOhBTWxAexmWoYFL3WL1YMDgwI5hRtYh/ySyOy94MjJmYwRMpIVdxeclrAw==}
    engines: {node: '>=0.10.0', npm: '>2.7.0'}
    os: [aix, darwin, freebsd, linux, macos, openbsd, sunos, win32, windows]

  '@stdlib/string-base-trim@0.2.3':
    resolution: {integrity: sha512-Fd2KoPvQfLy2Sk37hB6A+kLKcCcM4LvDS0LEOiO5V455wAwOEDNaQNw+G3T/7V/j9h6UXfY7VUJNXtE4IZddiA==}
    engines: {node: '>=0.10.0', npm: '>2.7.0'}
    os: [aix, darwin, freebsd, linux, macos, openbsd, sunos, win32, windows]

  '@stdlib/string-camelcase@0.2.3':
    resolution: {integrity: sha512-vU66s10CGg0m8rt6M+dPKxhT2/lJX8r8ybWdAmFeu7fCjTtOf/9kfTQRJitBHsO/9cesJV0dJ9AUzxgoWZ0NWA==}
    engines: {node: '>=0.10.0', npm: '>2.7.0'}
    os: [aix, darwin, freebsd, linux, macos, openbsd, sunos, win32, windows]

  '@stdlib/string-capitalize@0.3.1':
    resolution: {integrity: sha512-Brsw3IyhRu8z+nwCq2cL5dGSsTMZRUN3InJdeuFLOQ6KnTKrLICEt+XNaaB7k0co1TApA/D5G7jpcVckWWOAMQ==}
    engines: {node: '>=0.10.0', npm: '>2.7.0'}
    os: [aix, darwin, freebsd, linux, macos, openbsd, sunos, win32, windows]

  '@stdlib/string-format@0.2.3':
    resolution: {integrity: sha512-uE0LHUUnWKfxFeipyfb9yWbs+iczz6dHaolSGC1WBzMVyeHqx8xvq+yP3f2POYWgEcknmxNgU21WSqToSNrxdA==}
    engines: {node: '>=0.10.0', npm: '>2.7.0'}
    os: [aix, darwin, freebsd, linux, macos, openbsd, sunos, win32, windows]

  '@stdlib/symbol-ctor@0.2.2':
    resolution: {integrity: sha512-XsmiTfHnTb9jSPf2SoK3O0wrNOXMxqzukvDvtzVur1XBKfim9+seaAS4akmV1H3+AroAXQWVtde885e1B6jz1w==}
    engines: {node: '>=0.10.0', npm: '>2.7.0'}
    os: [aix, darwin, freebsd, linux, macos, openbsd, sunos, win32, windows]

  '@stdlib/types@0.4.3':
    resolution: {integrity: sha512-9GCqS2eni2VSwa5/CCniAJ4I1eWLtvior1z6hoPJp6VTNMgW9Lh4BiI84IO0xun/0qAclJ+mTGTiCTZxZLK13A==}
    engines: {node: '>=0.10.0', npm: '>2.7.0'}
    os: [aix, darwin, freebsd, linux, macos, openbsd, sunos, win32, windows]

  '@stdlib/utils-define-nonenumerable-read-only-property@0.2.3':
    resolution: {integrity: sha512-W0rqnRsXgW3GjcwEcOMi0mI/CXn3TVqmFvcxItLUZPJNYmwrU6+t+9kGldhMw845DyOtv8uYASrnNoVE/VfiDw==}
    engines: {node: '>=0.10.0', npm: '>2.7.0'}
    os: [aix, darwin, freebsd, linux, macos, openbsd, sunos, win32, windows]

  '@stdlib/utils-define-property@0.2.5':
    resolution: {integrity: sha512-WpbXc2uq8vtSqmWFzVrFifNj6HGoGHIZHolxX5GfRFbj4RNme1u/wtklmiOvcHE0s6SwPX764tuFXIgHBR5Vag==}
    engines: {node: '>=0.10.0', npm: '>2.7.0'}
    os: [aix, darwin, freebsd, linux, macos, openbsd, sunos, win32, windows]

  '@stdlib/utils-native-class@0.2.2':
    resolution: {integrity: sha512-cSn/FozbEpfR/FlJAoceQtZ8yUJFhZ8RFkbEsxW/7+H4o09yln3lBS0HSfUJISYNtpTNN/2/Fup88vmvwspvwA==}
    engines: {node: '>=0.10.0', npm: '>2.7.0'}
    os: [aix, darwin, freebsd, linux, macos, openbsd, sunos, win32, windows]

  '@ts-morph/common@0.28.1':
    resolution: {integrity: sha512-W74iWf7ILp1ZKNYXY5qbddNaml7e9Sedv5lvU1V8lftlitkc9Pq1A+jlH23ltDgWYeZFFEqGCD1Ies9hqu3O+g==}

  '@types/node@24.12.0':
    resolution: {integrity: sha512-GYDxsZi3ChgmckRT9HPU0WEhKLP08ev/Yfcq2AstjrDASOYCSXeyjDsHg4v5t4jOj7cyDX3vmprafKlWIG9MXQ==}

  ansi-escapes@7.3.0:
    resolution: {integrity: sha512-BvU8nYgGQBxcmMuEeUEmNTvrMVjJNSH7RgW24vXexN4Ven6qCvy4TntnvlnwnMLTVlcRQQdbRY8NKnaIoeWDNg==}
    engines: {node: '>=18'}

  ansi-regex@6.2.2:
    resolution: {integrity: sha512-Bq3SmSpyFHaWjPk8If9yc6svM8c56dB5BAtW4Qbw5jHTwwXXcTLoRMkpDJp6VL0XzlWaCHTXrkFURMYmD0sLqg==}
    engines: {node: '>=12'}

  ansi-styles@6.2.3:
    resolution: {integrity: sha512-4Dj6M28JB+oAH8kFkTLUo+a2jwOFkuqb3yucU0CANcRRUbxS0cP0nZYCGjcc3BNXwRIsUVmDGgzawme7zvJHvg==}
    engines: {node: '>=12'}

  balanced-match@4.0.4:
    resolution: {integrity: sha512-BLrgEcRTwX2o6gGxGOCNyMvGSp35YofuYzw9h1IMTRmKqttAZZVU67bdb9Pr2vUHA8+j3i2tJfjO6C6+4myGTA==}
    engines: {node: 18 || 20 || >=22}

  brace-expansion@5.0.3:
    resolution: {integrity: sha512-fy6KJm2RawA5RcHkLa1z/ScpBeA762UF9KmZQxwIbDtRJrgLzM10depAiEQ+CXYcoiqW1/m96OAAoke2nE9EeA==}
    engines: {node: 18 || 20 || >=22}

  chalk@5.6.2:
    resolution: {integrity: sha512-7NzBL0rN6fMUW+f7A6Io4h40qQlG+xGmtMxfbnH/K7TAtt8JQWVQK+6g0UXKMeVJoyV5EkkNsErQ8pVD3bLHbA==}
    engines: {node: ^12.17.0 || ^14.13 || >=16.0.0}

  cli-cursor@5.0.0:
    resolution: {integrity: sha512-aCj4O5wKyszjMmDT4tZj93kxyydN/K5zPWSCe6/0AV/AA1pqe5ZBIw0a2ZfPQV7lL5/yb5HsUreJ6UFAF1tEQw==}
    engines: {node: '>=18'}

  cli-spinners@3.4.0:
    resolution: {integrity: sha512-bXfOC4QcT1tKXGorxL3wbJm6XJPDqEnij2gQ2m7ESQuE+/z9YFIWnl/5RpTiKWbMq3EVKR4fRLJGn6DVfu0mpw==}
    engines: {node: '>=18.20'}

  code-block-writer@13.0.3:
    resolution: {integrity: sha512-Oofo0pq3IKnsFtuHqSF7TqBfr71aeyZDVJ0HpmqB7FBM2qEigL0iPONSCZSO9pE9dZTAxANe5XHG9Uy0YMv8cg==}

  commander@14.0.3:
    resolution: {integrity: sha512-H+y0Jo/T1RZ9qPP4Eh1pkcQcLRglraJaSLoyOtHxu6AapkjWVCy2Sit1QQ4x3Dng8qDlSsZEet7g5Pq06MvTgw==}
    engines: {node: '>=20'}

  dedent@1.7.2:
    resolution: {integrity: sha512-WzMx3mW98SN+zn3hgemf4OzdmyNhhhKz5Ay0pUfQiMQ3e1g+xmTJWp/pKdwKVXhdSkAEGIIzqeuWrL3mV/AXbA==}
    peerDependencies:
      babel-plugin-macros: ^3.1.0
    peerDependenciesMeta:
      babel-plugin-macros:
        optional: true

  environment@1.1.0:
    resolution: {integrity: sha512-xUtoPkMggbz0MPyPiIWr1Kp4aeWJjDZ6SMvURhimjdZgsRuDplF5/s9hcgGhyXMhs+6vpnuoiZ2kFiu3FMnS8Q==}
    engines: {node: '>=18'}

  eventemitter3@5.0.1:
    resolution: {integrity: sha512-GWkBvjiSZK87ELrYOSESUYeVIc9mvLLf/nXalMOS5dYrgZq9o5OVkbZAVM06CVxYsCwH9BDZFPlQTlPA1j4ahA==}

  fdir@6.5.0:
    resolution: {integrity: sha512-tIbYtZbucOs0BRGqPJkshJUYdL+SDH7dVM8gjy+ERp3WAUjLEFJE+02kanyHtwjWOnwrKYBiwAmM0p4kLJAnXg==}
    engines: {node: '>=12.0.0'}
    peerDependencies:
      picomatch: ^3 || ^4
    peerDependenciesMeta:
      picomatch:
        optional: true

  get-east-asian-width@1.5.0:
    resolution: {integrity: sha512-CQ+bEO+Tva/qlmw24dCejulK5pMzVnUOFOijVogd3KQs07HnRIgp8TGipvCCRT06xeYEbpbgwaCxglFyiuIcmA==}
    engines: {node: '>=18'}

  glob@13.0.6:
    resolution: {integrity: sha512-Wjlyrolmm8uDpm/ogGyXZXb1Z+Ca2B8NbJwqBVg0axK9GbBeoS7yGV6vjXnYdGm6X53iehEuxxbyiKp8QmN4Vw==}
    engines: {node: 18 || 20 || >=22}

  is-fullwidth-code-point@5.1.0:
    resolution: {integrity: sha512-5XHYaSyiqADb4RnZ1Bdad6cPp8Toise4TzEjcOYDHZkTCbKgiUl7WTUCpNWHuxmDt91wnsZBc9xinNzopv3JMQ==}
    engines: {node: '>=18'}

  is-network-error@1.3.0:
    resolution: {integrity: sha512-6oIwpsgRfnDiyEDLMay/GqCl3HoAtH5+RUKW29gYkL0QA+ipzpDLA16yQs7/RHCSu+BwgbJaOUqa4A99qNVQVw==}
    engines: {node: '>=16'}

  json-schema-to-zod@2.7.0:
    resolution: {integrity: sha512-eW59l3NQ6sa3HcB+Ahf7pP6iGU7MY4we5JsPqXQ2ZcIPF8QxSg/lkY8lN0Js/AG0NjMbk+nZGUfHlceiHF+bwQ==}
    hasBin: true

  log-update@7.2.0:
    resolution: {integrity: sha512-iLs7dGSyjZiUgvrUvuD3FndAxVJk+TywBkkkwUSm9HdYoskJalWg5qVsEiXeufPvRVPbCUmNQewg798rx+sPXg==}
    engines: {node: '>=20'}

  lru-cache@11.0.2:
    resolution: {integrity: sha512-123qHRfJBmo2jXDbo/a5YOQrJoHF/GNQTLzQ5+IdK5pWpceK17yRc6ozlWd25FxvGKQbIUs91fDFkXmDHTKcyA==}
    engines: {node: 20 || >=22}

  mimic-function@5.0.1:
    resolution: {integrity: sha512-VP79XUPxV2CigYP3jWwAUFSku2aKqBH7uTAapFWCBqutsbmDo96KY5o8uh6U+/YSIn5OxJnXp73beVkpqMIGhA==}
    engines: {node: '>=18'}

  minimatch@10.2.2:
    resolution: {integrity: sha512-+G4CpNBxa5MprY+04MbgOw1v7So6n5JY166pFi9KfYwT78fxScCeSNQSNzp6dpPSW2rONOps6Ocam1wFhCgoVw==}
    engines: {node: 18 || 20 || >=22}

  minipass@7.1.3:
    resolution: {integrity: sha512-tEBHqDnIoM/1rXME1zgka9g6Q2lcoCkxHLuc7ODJ5BxbP5d4c2Z5cGgtXAku59200Cx7diuHTOYfSBD8n6mm8A==}
    engines: {node: '>=16 || 14 >=14.17'}

  onetime@7.0.0:
    resolution: {integrity: sha512-VXJjc87FScF88uafS3JllDgvAm+c/Slfz06lorj2uAY34rlUu0Nt+v8wreiImcrgAjjIHp1rXpTDlLOGw29WwQ==}
    engines: {node: '>=18'}

  p-queue@9.1.0:
    resolution: {integrity: sha512-O/ZPaXuQV29uSLbxWBGGZO1mCQXV2BLIwUr59JUU9SoH76mnYvtms7aafH/isNSNGwuEfP6W/4xD0/TJXxrizw==}
    engines: {node: '>=20'}

  p-retry@8.0.0:
    resolution: {integrity: sha512-kFVqH1HxOHp8LupNsOys7bSV09VYTRLxarH/mokO4Rqhk6wGi70E0jh4VzvVGXfEVNggHoHLAMWsQqHyU1Ey9A==}
    engines: {node: '>=22'}

  p-timeout@7.0.1:
    resolution: {integrity: sha512-AxTM2wDGORHGEkPCt8yqxOTMgpfbEHqF51f/5fJCmwFC3C/zNcGT63SymH2ttOAaiIws2zVg4+izQCjrakcwHg==}
    engines: {node: '>=20'}

  package-json-from-dist@1.0.1:
    resolution: {integrity: sha512-UEZIS3/by4OC8vL3P2dTXRETpebLI2NiI5vIrjaD/5UtrkFX/tNbwjTSRAGC/+7CAo2pIcBaRgWmcBBHcsaCIw==}

  path-browserify@1.0.1:
    resolution: {integrity: sha512-b7uo2UCUOYZcnF/3ID0lulOJi/bafxa1xPe7ZPsammBSpjSWQkjNxlt635YGS2MiR9GjvuXCtz2emr3jbsz98g==}

  path-scurry@2.0.2:
    resolution: {integrity: sha512-3O/iVVsJAPsOnpwWIeD+d6z/7PmqApyQePUtCndjatj/9I5LylHvt5qluFaBT3I5h3r1ejfR056c+FCv+NnNXg==}
    engines: {node: 18 || 20 || >=22}

  picomatch@4.0.3:
    resolution: {integrity: sha512-5gTmgEY/sqK6gFXLIsQNH19lWb4ebPDLA4SdLP7dsWkIXHWlG66oPuVvXSGFPppYZz8ZDZq0dYYrbHfBCVUb1Q==}
    engines: {node: '>=12'}

  reserved-identifiers@1.0.0:
    resolution: {integrity: sha512-h0bP2Katmvf3hv4Z3WtDl4+6xt/OglQ2Xa6TnhZ/Rm9/7IH1crXQqMwD4J2ngKBonVv+fB55zfGgNDAmsevLVQ==}
    engines: {node: '>=18'}

  restore-cursor@5.1.0:
    resolution: {integrity: sha512-oMA2dcrw6u0YfxJQXm342bFKX/E4sG9rbTzO9ptUcR/e8A33cHuvStiYOwH7fszkZlZ1z/ta9AAoPk2F4qIOHA==}
    engines: {node: '>=18'}

  rimraf@6.1.3:
    resolution: {integrity: sha512-LKg+Cr2ZF61fkcaK1UdkH2yEBBKnYjTyWzTJT6KNPcSPaiT7HSdhtMXQuN5wkTX0Xu72KQ1l8S42rlmexS2hSA==}
    engines: {node: 20 || >=22}
    hasBin: true

  signal-exit@4.1.0:
    resolution: {integrity: sha512-bzyZ1e88w9O1iNJbKnOlvYTrWPDl46O1bG0D3XInv+9tkPrxrN8jUUTiFlDkkmKWgn1M6CfIA13SuGqOa9Korw==}
    engines: {node: '>=14'}

  slice-ansi@8.0.0:
    resolution: {integrity: sha512-stxByr12oeeOyY2BlviTNQlYV5xOj47GirPr4yA1hE9JCtxfQN0+tVbkxwCtYDQWhEKWFHsEK48ORg5jrouCAg==}
    engines: {node: '>=20'}

  string-width@8.2.0:
    resolution: {integrity: sha512-6hJPQ8N0V0P3SNmP6h2J99RLuzrWz2gvT7VnK5tKvrNqJoyS9W4/Fb8mo31UiPvy00z7DQXkP2hnKBVav76thw==}
    engines: {node: '>=20'}

  strip-ansi@7.2.0:
    resolution: {integrity: sha512-yDPMNjp4WyfYBkHnjIRLfca1i6KMyGCtsVgoKe/z1+6vukgaENdgGBZt+ZmKPc4gavvEZ5OgHfHdrazhgNyG7w==}
    engines: {node: '>=12'}

  tinyglobby@0.2.15:
    resolution: {integrity: sha512-j2Zq4NyQYG5XMST4cbs02Ak8iJUdxRM0XI5QyxXuZOzKOINmWurp3smXu3y5wDcJrptwpSjgXHzIQxR0omXljQ==}
    engines: {node: '>=12.0.0'}

  to-valid-identifier@1.0.0:
    resolution: {integrity: sha512-41wJyvKep3yT2tyPqX/4blcfybknGB4D+oETKLs7Q76UiPqRpUJK3hr1nxelyYO0PHKVzJwlu0aCeEAsGI6rpw==}
    engines: {node: '>=20'}

  ts-morph@27.0.2:
    resolution: {integrity: sha512-fhUhgeljcrdZ+9DZND1De1029PrE+cMkIP7ooqkLRTrRLTqcki2AstsyJm0vRNbTbVCNJ0idGlbBrfqc7/nA8w==}

  typescript@5.9.3:
    resolution: {integrity: sha512-jl1vZzPDinLr9eUt3J/t7V6FgNEw9QjvBPdysz9KfQDD41fQrC2Y4vKQdiaUpFT4bXlb1RHhLpp8wtm6M5TgSw==}
    engines: {node: '>=14.17'}
    hasBin: true

  undici-types@7.16.0:
    resolution: {integrity: sha512-Zz+aZWSj8LE6zoxD+xrjh4VfkIG8Ya6LvYkZqtUQGJPZjYl53ypCaUwWqo7eI0x66KBGeRo+mlBEkMSeSZ38Nw==}

  windmill-client@1.654.0:
    resolution: {integrity: sha512-0zOaP4D4VjLDoRUEpR1ZQ4Kk+jfbVh/TvfVNn71rg96z/4vUIzwJFFljhPEFi1h51oCfZ82YKoqAUV9Bg1S56Q==}

  wrap-ansi@10.0.0:
    resolution: {integrity: sha512-SGcvg80f0wUy2/fXES19feHMz8E0JoXv2uNgHOu4Dgi2OrCy1lqwFYEJz1BLbDI0exjPMe/ZdzZ/YpGECBG/aQ==}
    engines: {node: '>=20'}

  yaml@2.8.3:
    resolution: {integrity: sha512-AvbaCLOO2Otw/lW5bmh9d/WEdcDFdQp2Z2ZUH3pX9U2ihyUY0nvLv7J6TrWowklRGPYbB/IuIMfYgxaCPg5Bpg==}
    engines: {node: '>= 14.6'}
    hasBin: true

  zod-to-json-schema@3.25.2:
    resolution: {integrity: sha512-O/PgfnpT1xKSDeQYSCfRI5Gy3hPf91mKVDuYLUHZJMiDFptvP41MSnWofm8dnCm0256ZNfZIM7DSzuSMAFnjHA==}
    peerDependencies:
      zod: ^3.25.28 || ^4

  zod@4.3.6:
    resolution: {integrity: sha512-rftlrkhHZOcjDwkGlnUtZZkvaPHCsDATp4pGpuOOMDaTdDDXF91wuVDJoWoPsKX/3YPQ5fHuF3STjcYyKr+Qhg==}

snapshots:

  '@sindresorhus/base62@1.0.0': {}

  '@stdlib/assert-has-own-property@0.2.2': {}

  '@stdlib/assert-has-symbol-support@0.2.3': {}

  '@stdlib/assert-has-tostringtag-support@0.2.3':
    dependencies:
      '@stdlib/assert-has-symbol-support': 0.2.3

  '@stdlib/assert-is-string@0.2.3':
    dependencies:
      '@stdlib/assert-has-tostringtag-support': 0.2.3
      '@stdlib/utils-define-nonenumerable-read-only-property': 0.2.3
      '@stdlib/utils-native-class': 0.2.2

  '@stdlib/error-tools-fmtprodmsg@0.2.3': {}

  '@stdlib/string-base-camelcase@0.2.3':
    dependencies:
      '@stdlib/string-base-capitalize': 0.3.0
      '@stdlib/string-base-lowercase': 0.4.1
      '@stdlib/string-base-replace': 0.2.3
      '@stdlib/string-base-trim': 0.2.3

  '@stdlib/string-base-capitalize@0.3.0': {}

  '@stdlib/string-base-capitalize@0.3.1': {}

  '@stdlib/string-base-format-interpolate@0.2.4': {}

  '@stdlib/string-base-format-tokenize@0.2.4': {}

  '@stdlib/string-base-lowercase@0.4.1': {}

  '@stdlib/string-base-replace@0.2.3': {}

  '@stdlib/string-base-trim@0.2.3':
    dependencies:
      '@stdlib/string-base-replace': 0.2.3

  '@stdlib/string-camelcase@0.2.3':
    dependencies:
      '@stdlib/assert-is-string': 0.2.3
      '@stdlib/error-tools-fmtprodmsg': 0.2.3
      '@stdlib/string-base-camelcase': 0.2.3
      '@stdlib/string-format': 0.2.3

  '@stdlib/string-capitalize@0.3.1':
    dependencies:
      '@stdlib/assert-is-string': 0.2.3
      '@stdlib/error-tools-fmtprodmsg': 0.2.3
      '@stdlib/string-base-capitalize': 0.3.1
      '@stdlib/string-format': 0.2.3

  '@stdlib/string-format@0.2.3':
    dependencies:
      '@stdlib/string-base-format-interpolate': 0.2.4
      '@stdlib/string-base-format-tokenize': 0.2.4

  '@stdlib/symbol-ctor@0.2.2': {}

  '@stdlib/types@0.4.3': {}

  '@stdlib/utils-define-nonenumerable-read-only-property@0.2.3':
    dependencies:
      '@stdlib/types': 0.4.3
      '@stdlib/utils-define-property': 0.2.5

  '@stdlib/utils-define-property@0.2.5':
    dependencies:
      '@stdlib/error-tools-fmtprodmsg': 0.2.3
      '@stdlib/string-format': 0.2.3

  '@stdlib/utils-native-class@0.2.2':
    dependencies:
      '@stdlib/assert-has-own-property': 0.2.2
      '@stdlib/assert-has-tostringtag-support': 0.2.3
      '@stdlib/symbol-ctor': 0.2.2

  '@ts-morph/common@0.28.1':
    dependencies:
      minimatch: 10.2.2
      path-browserify: 1.0.1
      tinyglobby: 0.2.15

  '@types/node@24.12.0':
    dependencies:
      undici-types: 7.16.0

  ansi-escapes@7.3.0:
    dependencies:
      environment: 1.1.0

  ansi-regex@6.2.2: {}

  ansi-styles@6.2.3: {}

  balanced-match@4.0.4: {}

  brace-expansion@5.0.3:
    dependencies:
      balanced-match: 4.0.4

  chalk@5.6.2: {}

  cli-cursor@5.0.0:
    dependencies:
      restore-cursor: 5.1.0

  cli-spinners@3.4.0: {}

  code-block-writer@13.0.3: {}

  commander@14.0.3: {}

  dedent@1.7.2: {}

  environment@1.1.0: {}

  eventemitter3@5.0.1: {}

  fdir@6.5.0(picomatch@4.0.3):
    optionalDependencies:
      picomatch: 4.0.3

  get-east-asian-width@1.5.0: {}

  glob@13.0.6:
    dependencies:
      minimatch: 10.2.2
      minipass: 7.1.3
      path-scurry: 2.0.2

  is-fullwidth-code-point@5.1.0:
    dependencies:
      get-east-asian-width: 1.5.0

  is-network-error@1.3.0: {}

  json-schema-to-zod@2.7.0: {}

  log-update@7.2.0:
    dependencies:
      ansi-escapes: 7.3.0
      cli-cursor: 5.0.0
      slice-ansi: 8.0.0
      strip-ansi: 7.2.0
      wrap-ansi: 10.0.0

  lru-cache@11.0.2: {}

  mimic-function@5.0.1: {}

  minimatch@10.2.2:
    dependencies:
      brace-expansion: 5.0.3

  minipass@7.1.3: {}

  onetime@7.0.0:
    dependencies:
      mimic-function: 5.0.1

  p-queue@9.1.0:
    dependencies:
      eventemitter3: 5.0.1
      p-timeout: 7.0.1

  p-retry@8.0.0:
    dependencies:
      is-network-error: 1.3.0

  p-timeout@7.0.1: {}

  package-json-from-dist@1.0.1: {}

  path-browserify@1.0.1: {}

  path-scurry@2.0.2:
    dependencies:
      lru-cache: 11.0.2
      minipass: 7.1.3

  picomatch@4.0.3: {}

  reserved-identifiers@1.0.0: {}

  restore-cursor@5.1.0:
    dependencies:
      onetime: 7.0.0
      signal-exit: 4.1.0

  rimraf@6.1.3:
    dependencies:
      glob: 13.0.6
      package-json-from-dist: 1.0.1

  signal-exit@4.1.0: {}

  slice-ansi@8.0.0:
    dependencies:
      ansi-styles: 6.2.3
      is-fullwidth-code-point: 5.1.0

  string-width@8.2.0:
    dependencies:
      get-east-asian-width: 1.5.0
      strip-ansi: 7.2.0

  strip-ansi@7.2.0:
    dependencies:
      ansi-regex: 6.2.2

  tinyglobby@0.2.15:
    dependencies:
      fdir: 6.5.0(picomatch@4.0.3)
      picomatch: 4.0.3

  to-valid-identifier@1.0.0:
    dependencies:
      '@sindresorhus/base62': 1.0.0
      reserved-identifiers: 1.0.0

  ts-morph@27.0.2:
    dependencies:
      '@ts-morph/common': 0.28.1
      code-block-writer: 13.0.3

  typescript@5.9.3: {}

  undici-types@7.16.0: {}

  windmill-client@1.654.0: {}

  wrap-ansi@10.0.0:
    dependencies:
      ansi-styles: 6.2.3
      string-width: 8.2.0
      strip-ansi: 7.2.0

  yaml@2.8.3: {}

  zod-to-json-schema@3.25.2(zod@4.3.6):
    dependencies:
      zod: 4.3.6

  zod@4.3.6: {}
